
Microsoft Visual Studio Solution File, Format Version 12.00
# Visual Studio Version 16
VisualStudioVersion = 16.0.32228.343
MinimumVisualStudioVersion = 10.0.40219.1
Project("{FAE04EC0-301F-11D3-BF4B-00C04F79EFBC}") = "AnimalInheritance", "AnimalInheritance\AnimalInheritance.csproj", "{AFF2C171-171B-4D18-BF8E-10AB6883581B}"
EndProject
Global
	GlobalSection(SolutionConfigurationPlatforms) = preSolution
		Debug|Any CPU = Debug|Any CPU
		Release|Any CPU = Release|Any CPU
	EndGlobalSection
	GlobalSection(ProjectConfigurationPlatforms) = postSolution
		{AFF2C171-171B-4D18-BF8E-10AB6883581B}.Debug|Any CPU.ActiveCfg = Debug|Any CPU
		{AFF2C171-171B-4D18-BF8E-10AB6883581B}.Debug|Any CPU.Build.0 = Debug|Any CPU
		{AFF2C171-171B-4D18-BF8E-10AB6883581B}.Release|Any CPU.ActiveCfg = Release|Any CPU
		{AFF2C171-171B-4D18-BF8E-10AB6883581B}.Release|Any CPU.Build.0 = Release|Any CPU
	EndGlobalSection
	GlobalSection(SolutionProperties) = preSolution
		HideSolutionNode = FALSE
	EndGlobalSection
	GlobalSection(ExtensibilityGlobals) = postSolution
		SolutionGuid = {1C64023E-9190-43D5-B71C-B9C0A814E50E}
	EndGlobalSection
EndGlobal
